{
  "nodes": {
    "nixpkgs": {
      "locked": {
        "lastModified": 1655895887,
        "narHash": "sha256-AbihSVmPKFcQmaVgzNSLQ8sLAaVTTELPSzZ+/gRVfyk=",
        "owner": "nixos",
        "repo": "nixpkgs",
        "rev": "e1e08fe28bf0588a41cd556eac40b98d2793da99",
        "type": "github"
      },
      "original": {
        "owner": "nixos",
        "ref": "nixos-unstable",
        "repo": "nixpkgs",
        "type": "github"
      }
    },
    "root": {
      "inputs": {
        "nixpkgs": "nixpkgs",
        "rpipkgs": "rpipkgs"
      }
    },
    "rpipkgs": {
      "locked": {
        "lastModified": 1656041945,
        "narHash": "sha256-/zEPlxpjp+TpB6tb2hxbZWcFaZizYBZgEYwD2Myy4YI=",
        "owner": "colemickens",
        "repo": "nixpkgs",
        "rev": "6dd73f99f38a1e9800f7f7274ed7eeb2dbad5ba0",
        "type": "github"
      },
      "original": {
        "owner": "colemickens",
        "ref": "rpipkgs",
        "repo": "nixpkgs",
        "type": "github"
      }
    }
  },
  "root": "root",
  "version": 7
}
