{
  "nodes": {
    "nixpkgs": {
      "locked": {
        "lastModified": 1652572281,
        "narHash": "sha256-UEsrB5XBOj0blVe2ldc0lHvlhLYZJDHroELMHlg7XxA=",
        "owner": "nixos",
        "repo": "nixpkgs",
        "rev": "43ff6cb1c027d13dc938b88eb099462210fea52f",
        "type": "github"
      },
      "original": {
        "owner": "nixos",
        "ref": "nixos-unstable",
        "repo": "nixpkgs",
        "type": "github"
      }
    },
    "root": {
      "inputs": {
        "nixpkgs": "nixpkgs",
        "rpipkgs": "rpipkgs"
      }
    },
    "rpipkgs": {
      "locked": {
        "lastModified": 1652688779,
        "narHash": "sha256-5UZaiMaRxTVpVAFfRdvgh8KwztLu1NmB/o7odWI6dn0=",
        "owner": "colemickens",
        "repo": "nixpkgs",
        "rev": "d77af6df4e15d4fbe3531a444030b318e8b9edbd",
        "type": "github"
      },
      "original": {
        "owner": "colemickens",
        "ref": "rpipkgs",
        "repo": "nixpkgs",
        "type": "github"
      }
    }
  },
  "root": "root",
  "version": 7
}
