{
  "nodes": {
    "nixpkgs": {
      "locked": {
        "lastModified": 1653060744,
        "narHash": "sha256-kfRusllRumpt33J1hPV+CeCCylCXEU7e0gn2/cIM7cY=",
        "owner": "nixos",
        "repo": "nixpkgs",
        "rev": "dfd82985c273aac6eced03625f454b334daae2e8",
        "type": "github"
      },
      "original": {
        "owner": "nixos",
        "ref": "nixos-unstable",
        "repo": "nixpkgs",
        "type": "github"
      }
    },
    "root": {
      "inputs": {
        "nixpkgs": "nixpkgs",
        "rpipkgs": "rpipkgs"
      }
    },
    "rpipkgs": {
      "locked": {
        "lastModified": 1653335781,
        "narHash": "sha256-HoYukpxe+UNTLE3RouUiIRFsDQMv+2FQ5ESTOVYdbnY=",
        "owner": "colemickens",
        "repo": "nixpkgs",
        "rev": "c356d0f8f9e28d3f549b9df62ec6d9d1a72ad4af",
        "type": "github"
      },
      "original": {
        "owner": "colemickens",
        "ref": "rpipkgs",
        "repo": "nixpkgs",
        "type": "github"
      }
    }
  },
  "root": "root",
  "version": 7
}
